
Microsoft Visual Studio Solution File, Format Version 12.00
# Visual Studio Version 17
VisualStudioVersion = 17.5.002.0
MinimumVisualStudioVersion = 10.0.40219.1
Project("{9A19103F-16F7-4668-BE54-9A1E7A4F7556}") = "API", "API.csproj", "{EA2F736E-8B45-4A98-A237-FB075823AAB0}"
EndProject
Global
	GlobalSection(SolutionConfigurationPlatforms) = preSolution
		Debug|Any CPU = Debug|Any CPU
		Release|Any CPU = Release|Any CPU
	EndGlobalSection
	GlobalSection(ProjectConfigurationPlatforms) = postSolution
		{EA2F736E-8B45-4A98-A237-FB075823AAB0}.Debug|Any CPU.ActiveCfg = Debug|Any CPU
		{EA2F736E-8B45-4A98-A237-FB075823AAB0}.Debug|Any CPU.Build.0 = Debug|Any CPU
		{EA2F736E-8B45-4A98-A237-FB075823AAB0}.Release|Any CPU.ActiveCfg = Release|Any CPU
		{EA2F736E-8B45-4A98-A237-FB075823AAB0}.Release|Any CPU.Build.0 = Release|Any CPU
	EndGlobalSection
	GlobalSection(SolutionProperties) = preSolution
		HideSolutionNode = FALSE
	EndGlobalSection
	GlobalSection(ExtensibilityGlobals) = postSolution
		SolutionGuid = {3FF7B5A6-3B94-42F3-8EE6-93414215D0FA}
	EndGlobalSection
EndGlobal
